// !$*UTF8*$!
{
	archiveVersion = 1;
	classes = {
	};
	objectVersion = 51;
	objects = {

/* Begin PBXBuildFile section */
		49A91D4BB8C23D39FD1CF4AC /* Pods_ChatDemo02.framework in Frameworks */ = {isa = PBXBuildFile; fileRef = 06B79D7A5D135B3FE80DC4DA /* Pods_ChatDemo02.framework */; };
		641AE5E0230BD84D00DCF968 /* AppDelegate.m in Sources */ = {isa = PBXBuildFile; fileRef = 641AE5DF230BD84D00DCF968 /* AppDelegate.m */; };
		641AE5E6230BD84D00DCF968 /* Main.storyboard in Resources */ = {isa = PBXBuildFile; fileRef = 641AE5E4230BD84D00DCF968 /* Main.storyboard */; };
		641AE5E8230BD84D00DCF968 /* Assets.xcassets in Resources */ = {isa = PBXBuildFile; fileRef = 641AE5E7230BD84D00DCF968 /* Assets.xcassets */; };
		641AE5EB230BD84D00DCF968 /* LaunchScreen.storyboard in Resources */ = {isa = PBXBuildFile; fileRef = 641AE5E9230BD84D00DCF968 /* LaunchScreen.storyboard */; };
		641AE5EE230BD84D00DCF968 /* main.m in Sources */ = {isa = PBXBuildFile; fileRef = 641AE5ED230BD84D00DCF968 /* main.m */; };
		641AE5F7230BD87800DCF968 /* VC1.m in Sources */ = {isa = PBXBuildFile; fileRef = 641AE5F5230BD87800DCF968 /* VC1.m */; };
		641AE5F8230BD87800DCF968 /* VC1.xib in Resources */ = {isa = PBXBuildFile; fileRef = 641AE5F6230BD87800DCF968 /* VC1.xib */; };
		641AE5FC230BD88600DCF968 /* VC2.m in Sources */ = {isa = PBXBuildFile; fileRef = 641AE5FA230BD88600DCF968 /* VC2.m */; };
		641AE5FD230BD88600DCF968 /* VC2.xib in Resources */ = {isa = PBXBuildFile; fileRef = 641AE5FB230BD88600DCF968 /* VC2.xib */; };
		641AE5FF230BE13000DCF968 /* GoogleService-Info.plist in Resources */ = {isa = PBXBuildFile; fileRef = 641AE5FE230BE13000DCF968 /* GoogleService-Info.plist */; };
		641C5786230E179F005A8E7B /* VC6.m in Sources */ = {isa = PBXBuildFile; fileRef = 641C5784230E179F005A8E7B /* VC6.m */; };
		641C5787230E179F005A8E7B /* VC6.xib in Resources */ = {isa = PBXBuildFile; fileRef = 641C5785230E179F005A8E7B /* VC6.xib */; };
		641DF88D230CDFE9003C774A /* VC4.m in Sources */ = {isa = PBXBuildFile; fileRef = 641DF88B230CDFE9003C774A /* VC4.m */; };
		641DF88E230CDFE9003C774A /* VC4.xib in Resources */ = {isa = PBXBuildFile; fileRef = 641DF88C230CDFE9003C774A /* VC4.xib */; };
		641DF891230CF5A0003C774A /* VC5.m in Sources */ = {isa = PBXBuildFile; fileRef = 641DF890230CF5A0003C774A /* VC5.m */; };
/* End PBXBuildFile section */

/* Begin PBXFileReference section */
		06B79D7A5D135B3FE80DC4DA /* Pods_ChatDemo02.framework */ = {isa = PBXFileReference; explicitFileType = wrapper.framework; includeInIndex = 0; path = Pods_ChatDemo02.framework; sourceTree = BUILT_PRODUCTS_DIR; };
		641AE5DB230BD84D00DCF968 /* ChatDemo02.app */ = {isa = PBXFileReference; explicitFileType = wrapper.application; includeInIndex = 0; path = ChatDemo02.app; sourceTree = BUILT_PRODUCTS_DIR; };
		641AE5DE230BD84D00DCF968 /* AppDelegate.h */ = {isa = PBXFileReference; lastKnownFileType = sourcecode.c.h; path = AppDelegate.h; sourceTree = "<group>"; };
		641AE5DF230BD84D00DCF968 /* AppDelegate.m */ = {isa = PBXFileReference; lastKnownFileType = sourcecode.c.objc; path = AppDelegate.m; sourceTree = "<group>"; };
		641AE5E5230BD84D00DCF968 /* Base */ = {isa = PBXFileReference; lastKnownFileType = file.storyboard; name = Base; path = Base.lproj/Main.storyboard; sourceTree = "<group>"; };
		641AE5E7230BD84D00DCF968 /* Assets.xcassets */ = {isa = PBXFileReference; lastKnownFileType = folder.assetcatalog; path = Assets.xcassets; sourceTree = "<group>"; };
		641AE5EA230BD84D00DCF968 /* Base */ = {isa = PBXFileReference; lastKnownFileType = file.storyboard; name = Base; path = Base.lproj/LaunchScreen.storyboard; sourceTree = "<group>"; };
		641AE5EC230BD84D00DCF968 /* Info.plist */ = {isa = PBXFileReference; lastKnownFileType = text.plist.xml; path = Info.plist; sourceTree = "<group>"; };
		641AE5ED230BD84D00DCF968 /* main.m */ = {isa = PBXFileReference; lastKnownFileType = sourcecode.c.objc; path = main.m; sourceTree = "<group>"; };
		641AE5F4230BD87800DCF968 /* VC1.h */ = {isa = PBXFileReference; lastKnownFileType = sourcecode.c.h; path = VC1.h; sourceTree = "<group>"; };
		641AE5F5230BD87800DCF968 /* VC1.m */ = {isa = PBXFileReference; lastKnownFileType = sourcecode.c.objc; path = VC1.m; sourceTree = "<group>"; };
		641AE5F6230BD87800DCF968 /* VC1.xib */ = {isa = PBXFileReference; lastKnownFileType = file.xib; path = VC1.xib; sourceTree = "<group>"; };
		641AE5F9230BD88600DCF968 /* VC2.h */ = {isa = PBXFileReference; lastKnownFileType = sourcecode.c.h; path = VC2.h; sourceTree = "<group>"; };
		641AE5FA230BD88600DCF968 /* VC2.m */ = {isa = PBXFileReference; lastKnownFileType = sourcecode.c.objc; path = VC2.m; sourceTree = "<group>"; };
		641AE5FB230BD88600DCF968 /* VC2.xib */ = {isa = PBXFileReference; lastKnownFileType = file.xib; path = VC2.xib; sourceTree = "<group>"; };
		641AE5FE230BE13000DCF968 /* GoogleService-Info.plist */ = {isa = PBXFileReference; fileEncoding = 4; lastKnownFileType = text.plist.xml; name = "GoogleService-Info.plist"; path = "../../../Downloads/GoogleService-Info.plist"; sourceTree = "<group>"; };
		641C5783230E179F005A8E7B /* VC6.h */ = {isa = PBXFileReference; lastKnownFileType = sourcecode.c.h; path = VC6.h; sourceTree = "<group>"; };
		641C5784230E179F005A8E7B /* VC6.m */ = {isa = PBXFileReference; lastKnownFileType = sourcecode.c.objc; path = VC6.m; sourceTree = "<group>"; };
		641C5785230E179F005A8E7B /* VC6.xib */ = {isa = PBXFileReference; lastKnownFileType = file.xib; path = VC6.xib; sourceTree = "<group>"; };
		641DF88A230CDFE9003C774A /* VC4.h */ = {isa = PBXFileReference; lastKnownFileType = sourcecode.c.h; path = VC4.h; sourceTree = "<group>"; };
		641DF88B230CDFE9003C774A /* VC4.m */ = {isa = PBXFileReference; lastKnownFileType = sourcecode.c.objc; path = VC4.m; sourceTree = "<group>"; };
		641DF88C230CDFE9003C774A /* VC4.xib */ = {isa = PBXFileReference; lastKnownFileType = file.xib; path = VC4.xib; sourceTree = "<group>"; };
		641DF88F230CF5A0003C774A /* VC5.h */ = {isa = PBXFileReference; lastKnownFileType = sourcecode.c.h; path = VC5.h; sourceTree = "<group>"; };
		641DF890230CF5A0003C774A /* VC5.m */ = {isa = PBXFileReference; lastKnownFileType = sourcecode.c.objc; path = VC5.m; sourceTree = "<group>"; };
		7F873CAE44621AE11BE1102B /* Pods-ChatDemo02.release.xcconfig */ = {isa = PBXFileReference; includeInIndex = 1; lastKnownFileType = text.xcconfig; name = "Pods-ChatDemo02.release.xcconfig"; path = "Target Support Files/Pods-ChatDemo02/Pods-ChatDemo02.release.xcconfig"; sourceTree = "<group>"; };
		AF8DE33201F28664A1853B24 /* Pods-ChatDemo02.debug.xcconfig */ = {isa = PBXFileReference; includeInIndex = 1; lastKnownFileType = text.xcconfig; name = "Pods-ChatDemo02.debug.xcconfig"; path = "Target Support Files/Pods-ChatDemo02/Pods-ChatDemo02.debug.xcconfig"; sourceTree = "<group>"; };
/* End PBXFileReference section */

/* Begin PBXFrameworksBuildPhase section */
		641AE5D8230BD84D00DCF968 /* Frameworks */ = {
			isa = PBXFrameworksBuildPhase;
			buildActionMask = 2147483647;
			files = (
				49A91D4BB8C23D39FD1CF4AC /* Pods_ChatDemo02.framework in Frameworks */,
			);
			runOnlyForDeploymentPostprocessing = 0;
		};
/* End PBXFrameworksBuildPhase section */

/* Begin PBXGroup section */
		1BDC37DA8133DF9842321857 /* Pods */ = {
			isa = PBXGroup;
			children = (
				AF8DE33201F28664A1853B24 /* Pods-ChatDemo02.debug.xcconfig */,
				7F873CAE44621AE11BE1102B /* Pods-ChatDemo02.release.xcconfig */,
			);
			path = Pods;
			sourceTree = "<group>";
		};
		641AE5D2230BD84D00DCF968 = {
			isa = PBXGroup;
			children = (
				641AE5DD230BD84D00DCF968 /* ChatDemo02 */,
				641AE5DC230BD84D00DCF968 /* Products */,
				1BDC37DA8133DF9842321857 /* Pods */,
				D4B985FE71E1A9B180158B02 /* Frameworks */,
			);
			sourceTree = "<group>";
		};
		641AE5DC230BD84D00DCF968 /* Products */ = {
			isa = PBXGroup;
			children = (
				641AE5DB230BD84D00DCF968 /* ChatDemo02.app */,
			);
			name = Products;
			sourceTree = "<group>";
		};
		641AE5DD230BD84D00DCF968 /* ChatDemo02 */ = {
			isa = PBXGroup;
			children = (
				641AE5DE230BD84D00DCF968 /* AppDelegate.h */,
				641AE5DF230BD84D00DCF968 /* AppDelegate.m */,
				641AE5E4230BD84D00DCF968 /* Main.storyboard */,
				641AE5E7230BD84D00DCF968 /* Assets.xcassets */,
				641AE5E9230BD84D00DCF968 /* LaunchScreen.storyboard */,
				641AE5EC230BD84D00DCF968 /* Info.plist */,
				641AE5ED230BD84D00DCF968 /* main.m */,
				641AE5F4230BD87800DCF968 /* VC1.h */,
				641AE5F5230BD87800DCF968 /* VC1.m */,
				641AE5F6230BD87800DCF968 /* VC1.xib */,
				641AE5F9230BD88600DCF968 /* VC2.h */,
				641AE5FA230BD88600DCF968 /* VC2.m */,
				641AE5FB230BD88600DCF968 /* VC2.xib */,
				641AE5FE230BE13000DCF968 /* GoogleService-Info.plist */,
				641DF88A230CDFE9003C774A /* VC4.h */,
				641DF88B230CDFE9003C774A /* VC4.m */,
				641DF88C230CDFE9003C774A /* VC4.xib */,
				641DF88F230CF5A0003C774A /* VC5.h */,
				641DF890230CF5A0003C774A /* VC5.m */,
				641C5783230E179F005A8E7B /* VC6.h */,
				641C5784230E179F005A8E7B /* VC6.m */,
				641C5785230E179F005A8E7B /* VC6.xib */,
			);
			path = ChatDemo02;
			sourceTree = "<group>";
		};
		D4B985FE71E1A9B180158B02 /* Frameworks */ = {
			isa = PBXGroup;
			children = (
				06B79D7A5D135B3FE80DC4DA /* Pods_ChatDemo02.framework */,
			);
			name = Frameworks;
			sourceTree = "<group>";
		};
/* End PBXGroup section */

/* Begin PBXNativeTarget section */
		641AE5DA230BD84D00DCF968 /* ChatDemo02 */ = {
			isa = PBXNativeTarget;
			buildConfigurationList = 641AE5F1230BD84D00DCF968 /* Build configuration list for PBXNativeTarget "ChatDemo02" */;
			buildPhases = (
				3707C93819B9F2BF6FEC6B0C /* [CP] Check Pods Manifest.lock */,
				641AE5D7230BD84D00DCF968 /* Sources */,
				641AE5D8230BD84D00DCF968 /* Frameworks */,
				641AE5D9230BD84D00DCF968 /* Resources */,
				30A1F134099C49FB3B3578F9 /* [CP] Embed Pods Frameworks */,
			);
			buildRules = (
			);
			dependencies = (
			);
			name = ChatDemo02;
			productName = ChatDemo02;
			productReference = 641AE5DB230BD84D00DCF968 /* ChatDemo02.app */;
			productType = "com.apple.product-type.application";
		};
/* End PBXNativeTarget section */

/* Begin PBXProject section */
		641AE5D3230BD84D00DCF968 /* Project object */ = {
			isa = PBXProject;
			attributes = {
				LastUpgradeCheck = 1010;
				ORGANIZATIONNAME = Civet;
				TargetAttributes = {
					641AE5DA230BD84D00DCF968 = {
						CreatedOnToolsVersion = 10.1;
					};
				};
			};
			buildConfigurationList = 641AE5D6230BD84D00DCF968 /* Build configuration list for PBXProject "ChatDemo02" */;
			compatibilityVersion = "Xcode 9.3";
			developmentRegion = en;
			hasScannedForEncodings = 0;
			knownRegions = (
				en,
				Base,
			);
			mainGroup = 641AE5D2230BD84D00DCF968;
			productRefGroup = 641AE5DC230BD84D00DCF968 /* Products */;
			projectDirPath = "";
			projectRoot = "";
			targets = (
				641AE5DA230BD84D00DCF968 /* ChatDemo02 */,
			);
		};
/* End PBXProject section */

/* Begin PBXResourcesBuildPhase section */
		641AE5D9230BD84D00DCF968 /* Resources */ = {
			isa = PBXResourcesBuildPhase;
			buildActionMask = 2147483647;
			files = (
				641AE5EB230BD84D00DCF968 /* LaunchScreen.storyboard in Resources */,
				641AE5FD230BD88600DCF968 /* VC2.xib in Resources */,
				641AE5E8230BD84D00DCF968 /* Assets.xcassets in Resources */,
				641AE5F8230BD87800DCF968 /* VC1.xib in Resources */,
				641DF88E230CDFE9003C774A /* VC4.xib in Resources */,
				641AE5E6230BD84D00DCF968 /* Main.storyboard in Resources */,
				641AE5FF230BE13000DCF968 /* GoogleService-Info.plist in Resources */,
				641C5787230E179F005A8E7B /* VC6.xib in Resources */,
			);
			runOnlyForDeploymentPostprocessing = 0;
		};
/* End PBXResourcesBuildPhase section */

/* Begin PBXShellScriptBuildPhase section */
		30A1F134099C49FB3B3578F9 /* [CP] Embed Pods Frameworks */ = {
			isa = PBXShellScriptBuildPhase;
			buildActionMask = 2147483647;
			files = (
			);
			inputFileListPaths = (
				"${PODS_ROOT}/Target Support Files/Pods-ChatDemo02/Pods-ChatDemo02-frameworks-${CONFIGURATION}-input-files.xcfilelist",
			);
			name = "[CP] Embed Pods Frameworks";
			outputFileListPaths = (
				"${PODS_ROOT}/Target Support Files/Pods-ChatDemo02/Pods-ChatDemo02-frameworks-${CONFIGURATION}-output-files.xcfilelist",
			);
			runOnlyForDeploymentPostprocessing = 0;
			shellPath = /bin/sh;
			shellScript = "\"${PODS_ROOT}/Target Support Files/Pods-ChatDemo02/Pods-ChatDemo02-frameworks.sh\"\n";
			showEnvVarsInLog = 0;
		};
		3707C93819B9F2BF6FEC6B0C /* [CP] Check Pods Manifest.lock */ = {
			isa = PBXShellScriptBuildPhase;
			buildActionMask = 2147483647;
			files = (
			);
			inputFileListPaths = (
			);
			inputPaths = (
				"${PODS_PODFILE_DIR_PATH}/Podfile.lock",
				"${PODS_ROOT}/Manifest.lock",
			);
			name = "[CP] Check Pods Manifest.lock";
			outputFileListPaths = (
			);
			outputPaths = (
				"$(DERIVED_FILE_DIR)/Pods-ChatDemo02-checkManifestLockResult.txt",
			);
			runOnlyForDeploymentPostprocessing = 0;
			shellPath = /bin/sh;
			shellScript = "diff \"${PODS_PODFILE_DIR_PATH}/Podfile.lock\" \"${PODS_ROOT}/Manifest.lock\" > /dev/null\nif [ $? != 0 ] ; then\n    # print error to STDERR\n    echo \"error: The sandbox is not in sync with the Podfile.lock. Run 'pod install' or update your CocoaPods installation.\" >&2\n    exit 1\nfi\n# This output is used by Xcode 'outputs' to avoid re-running this script phase.\necho \"SUCCESS\" > \"${SCRIPT_OUTPUT_FILE_0}\"\n";
			showEnvVarsInLog = 0;
		};
/* End PBXShellScriptBuildPhase section */

/* Begin PBXSourcesBuildPhase section */
		641AE5D7230BD84D00DCF968 /* Sources */ = {
			isa = PBXSourcesBuildPhase;
			buildActionMask = 2147483647;
			files = (
				641DF891230CF5A0003C774A /* VC5.m in Sources */,
				641AE5F7230BD87800DCF968 /* VC1.m in Sources */,
				641AE5EE230BD84D00DCF968 /* main.m in Sources */,
				641DF88D230CDFE9003C774A /* VC4.m in Sources */,
				641AE5E0230BD84D00DCF968 /* AppDelegate.m in Sources */,
				641C5786230E179F005A8E7B /* VC6.m in Sources */,
				641AE5FC230BD88600DCF968 /* VC2.m in Sources */,
			);
			runOnlyForDeploymentPostprocessing = 0;
		};
/* End PBXSourcesBuildPhase section */

/* Begin PBXVariantGroup section */
		641AE5E4230BD84D00DCF968 /* Main.storyboard */ = {
			isa = PBXVariantGroup;
			children = (
				641AE5E5230BD84D00DCF968 /* Base */,
			);
			name = Main.storyboard;
			sourceTree = "<group>";
		};
		641AE5E9230BD84D00DCF968 /* LaunchScreen.storyboard */ = {
			isa = PBXVariantGroup;
			children = (
				641AE5EA230BD84D00DCF968 /* Base */,
			);
			name = LaunchScreen.storyboard;
			sourceTree = "<group>";
		};
/* End PBXVariantGroup section */

/* Begin XCBuildConfiguration section */
		641AE5EF230BD84D00DCF968 /* Debug */ = {
			isa = XCBuildConfiguration;
			buildSettings = {
				ALWAYS_SEARCH_USER_PATHS = NO;
				CLANG_ANALYZER_NONNULL = YES;
				CLANG_ANALYZER_NUMBER_OBJECT_CONVERSION = YES_AGGRESSIVE;
				CLANG_CXX_LANGUAGE_STANDARD = "gnu++14";
				CLANG_CXX_LIBRARY = "libc++";
				CLANG_ENABLE_MODULES = YES;
				CLANG_ENABLE_OBJC_ARC = YES;
				CLANG_ENABLE_OBJC_WEAK = YES;
				CLANG_WARN_BLOCK_CAPTURE_AUTORELEASING = YES;
				CLANG_WARN_BOOL_CONVERSION = YES;
				CLANG_WARN_COMMA = YES;
				CLANG_WARN_CONSTANT_CONVERSION = YES;
				CLANG_WARN_DEPRECATED_OBJC_IMPLEMENTATIONS = YES;
				CLANG_WARN_DIRECT_OBJC_ISA_USAGE = YES_ERROR;
				CLANG_WARN_DOCUMENTATION_COMMENTS = YES;
				CLANG_WARN_EMPTY_BODY = YES;
				CLANG_WARN_ENUM_CONVERSION = YES;
				CLANG_WARN_INFINITE_RECURSION = YES;
				CLANG_WARN_INT_CONVERSION = YES;
				CLANG_WARN_NON_LITERAL_NULL_CONVERSION = YES;
				CLANG_WARN_OBJC_IMPLICIT_RETAIN_SELF = YES;
				CLANG_WARN_OBJC_LITERAL_CONVERSION = YES;
				CLANG_WARN_OBJC_ROOT_CLASS = YES_ERROR;
				CLANG_WARN_RANGE_LOOP_ANALYSIS = YES;
				CLANG_WARN_STRICT_PROTOTYPES = YES;
				CLANG_WARN_SUSPICIOUS_MOVE = YES;
				CLANG_WARN_UNGUARDED_AVAILABILITY = YES_AGGRESSIVE;
				CLANG_WARN_UNREACHABLE_CODE = YES;
				CLANG_WARN__DUPLICATE_METHOD_MATCH = YES;
				CODE_SIGN_IDENTITY = "iPhone Developer";
				COPY_PHASE_STRIP = NO;
				DEBUG_INFORMATION_FORMAT = dwarf;
				ENABLE_STRICT_OBJC_MSGSEND = YES;
				ENABLE_TESTABILITY = YES;
				GCC_C_LANGUAGE_STANDARD = gnu11;
				GCC_DYNAMIC_NO_PIC = NO;
				GCC_NO_COMMON_BLOCKS = YES;
				GCC_OPTIMIZATION_LEVEL = 0;
				GCC_PREPROCESSOR_DEFINITIONS = (
					"DEBUG=1",
					"$(inherited)",
				);
				GCC_WARN_64_TO_32_BIT_CONVERSION = YES;
				GCC_WARN_ABOUT_RETURN_TYPE = YES_ERROR;
				GCC_WARN_UNDECLARED_SELECTOR = YES;
				GCC_WARN_UNINITIALIZED_AUTOS = YES_AGGRESSIVE;
				GCC_WARN_UNUSED_FUNCTION = YES;
				GCC_WARN_UNUSED_VARIABLE = YES;
				IPHONEOS_DEPLOYMENT_TARGET = 12.1;
				MTL_ENABLE_DEBUG_INFO = INCLUDE_SOURCE;
				MTL_FAST_MATH = YES;
				ONLY_ACTIVE_ARCH = YES;
				SDKROOT = iphoneos;
			};
			name = Debug;
		};
		641AE5F0230BD84D00DCF968 /* Release */ = {
			isa = XCBuildConfiguration;
			buildSettings = {
				ALWAYS_SEARCH_USER_PATHS = NO;
				CLANG_ANALYZER_NONNULL = YES;
				CLANG_ANALYZER_NUMBER_OBJECT_CONVERSION = YES_AGGRESSIVE;
				CLANG_CXX_LANGUAGE_STANDARD = "gnu++14";
				CLANG_CXX_LIBRARY = "libc++";
				CLANG_ENABLE_MODULES = YES;
				CLANG_ENABLE_OBJC_ARC = YES;
				CLANG_ENABLE_OBJC_WEAK = YES;
				CLANG_WARN_BLOCK_CAPTURE_AUTORELEASING = YES;
				CLANG_WARN_BOOL_CONVERSION = YES;
				CLANG_WARN_COMMA = YES;
				CLANG_WARN_CONSTANT_CONVERSION = YES;
				CLANG_WARN_DEPRECATED_OBJC_IMPLEMENTATIONS = YES;
				CLANG_WARN_DIRECT_OBJC_ISA_USAGE = YES_ERROR;
				CLANG_WARN_DOCUMENTATION_COMMENTS = YES;
				CLANG_WARN_EMPTY_BODY = YES;
				CLANG_WARN_ENUM_CONVERSION = YES;
				CLANG_WARN_INFINITE_RECURSION = YES;
				CLANG_WARN_INT_CONVERSION = YES;
				CLANG_WARN_NON_LITERAL_NULL_CONVERSION = YES;
				CLANG_WARN_OBJC_IMPLICIT_RETAIN_SELF = YES;
				CLANG_WARN_OBJC_LITERAL_CONVERSION = YES;
				CLANG_WARN_OBJC_ROOT_CLASS = YES_ERROR;
				CLANG_WARN_RANGE_LOOP_ANALYSIS = YES;
				CLANG_WARN_STRICT_PROTOTYPES = YES;
				CLANG_WARN_SUSPICIOUS_MOVE = YES;
				CLANG_WARN_UNGUARDED_AVAILABILITY = YES_AGGRESSIVE;
				CLANG_WARN_UNREACHABLE_CODE = YES;
				CLANG_WARN__DUPLICATE_METHOD_MATCH = YES;
				CODE_SIGN_IDENTITY = "iPhone Developer";
				COPY_PHASE_STRIP = NO;
				DEBUG_INFORMATION_FORMAT = "dwarf-with-dsym";
				ENABLE_NS_ASSERTIONS = NO;
				ENABLE_STRICT_OBJC_MSGSEND = YES;
				GCC_C_LANGUAGE_STANDARD = gnu11;
				GCC_NO_COMMON_BLOCKS = YES;
				GCC_WARN_64_TO_32_BIT_CONVERSION = YES;
				GCC_WARN_ABOUT_RETURN_TYPE = YES_ERROR;
				GCC_WARN_UNDECLARED_SELECTOR = YES;
				GCC_WARN_UNINITIALIZED_AUTOS = YES_AGGRESSIVE;
				GCC_WARN_UNUSED_FUNCTION = YES;
				GCC_WARN_UNUSED_VARIABLE = YES;
				IPHONEOS_DEPLOYMENT_TARGET = 12.1;
				MTL_ENABLE_DEBUG_INFO = NO;
				MTL_FAST_MATH = YES;
				SDKROOT = iphoneos;
				VALIDATE_PRODUCT = YES;
			};
			name = Release;
		};
		641AE5F2230BD84D00DCF968 /* Debug */ = {
			isa = XCBuildConfiguration;
			baseConfigurationReference = AF8DE33201F28664A1853B24 /* Pods-ChatDemo02.debug.xcconfig */;
			buildSettings = {
				ASSETCATALOG_COMPILER_APPICON_NAME = AppIcon;
				CODE_SIGN_STYLE = Automatic;
				INFOPLIST_FILE = ChatDemo02/Info.plist;
				IPHONEOS_DEPLOYMENT_TARGET = 9.1;
				LD_RUNPATH_SEARCH_PATHS = (
					"$(inherited)",
					"@executable_path/Frameworks",
				);
				PRODUCT_BUNDLE_IDENTIFIER = com.Civet.ChatDemo02;
				PRODUCT_NAME = "$(TARGET_NAME)";
				TARGETED_DEVICE_FAMILY = "1,2";
			};
			name = Debug;
		};
		641AE5F3230BD84D00DCF968 /* Release */ = {
			isa = XCBuildConfiguration;
			baseConfigurationReference = 7F873CAE44621AE11BE1102B /* Pods-ChatDemo02.release.xcconfig */;
			buildSettings = {
				ASSETCATALOG_COMPILER_APPICON_NAME = AppIcon;
				CODE_SIGN_STYLE = Automatic;
				INFOPLIST_FILE = ChatDemo02/Info.plist;
				IPHONEOS_DEPLOYMENT_TARGET = 9.1;
				LD_RUNPATH_SEARCH_PATHS = (
					"$(inherited)",
					"@executable_path/Frameworks",
				);
				PRODUCT_BUNDLE_IDENTIFIER = com.Civet.ChatDemo02;
				PRODUCT_NAME = "$(TARGET_NAME)";
				TARGETED_DEVICE_FAMILY = "1,2";
			};
			name = Release;
		};
/* End XCBuildConfiguration section */

/* Begin XCConfigurationList section */
		641AE5D6230BD84D00DCF968 /* Build configuration list for PBXProject "ChatDemo02" */ = {
			isa = XCConfigurationList;
			buildConfigurations = (
				641AE5EF230BD84D00DCF968 /* Debug */,
				641AE5F0230BD84D00DCF968 /* Release */,
			);
			defaultConfigurationIsVisible = 0;
			defaultConfigurationName = Release;
		};
		641AE5F1230BD84D00DCF968 /* Build configuration list for PBXNativeTarget "ChatDemo02" */ = {
			isa = XCConfigurationList;
			buildConfigurations = (
				641AE5F2230BD84D00DCF968 /* Debug */,
				641AE5F3230BD84D00DCF968 /* Release */,
			);
			defaultConfigurationIsVisible = 0;
			defaultConfigurationName = Release;
		};
/* End XCConfigurationList section */
	};
	rootObject = 641AE5D3230BD84D00DCF968 /* Project object */;
}
